// !$*UTF8*$!
{
	archiveVersion = 1;
	classes = {
	};
	objectVersion = 51;
	objects = {

/* Begin PBXBuildFile section */
		5118A8A72558C535002A69E5 /* IBMPlexSans-LightItalic.ttf in Resources */ = {isa = PBXBuildFile; fileRef = 5118A8992558C535002A69E5 /* IBMPlexSans-LightItalic.ttf */; };
		5118A8A82558C535002A69E5 /* IBMPlexSans-ExtraLightItalic.ttf in Resources */ = {isa = PBXBuildFile; fileRef = 5118A89A2558C535002A69E5 /* IBMPlexSans-ExtraLightItalic.ttf */; };
		5118A8A92558C535002A69E5 /* IBMPlexSans-Thin.ttf in Resources */ = {isa = PBXBuildFile; fileRef = 5118A89B2558C535002A69E5 /* IBMPlexSans-Thin.ttf */; };
		5118A8AA2558C535002A69E5 /* IBMPlexSans-Italic.ttf in Resources */ = {isa = PBXBuildFile; fileRef = 5118A89C2558C535002A69E5 /* IBMPlexSans-Italic.ttf */; };
		5118A8AB2558C535002A69E5 /* IBMPlexSans-Regular.ttf in Resources */ = {isa = PBXBuildFile; fileRef = 5118A89D2558C535002A69E5 /* IBMPlexSans-Regular.ttf */; };
		5118A8AC2558C535002A69E5 /* IBMPlexSans-ExtraLight.ttf in Resources */ = {isa = PBXBuildFile; fileRef = 5118A89E2558C535002A69E5 /* IBMPlexSans-ExtraLight.ttf */; };
		5118A8AD2558C535002A69E5 /* IBMPlexSans-Light.ttf in Resources */ = {isa = PBXBuildFile; fileRef = 5118A89F2558C535002A69E5 /* IBMPlexSans-Light.ttf */; };
		5118A8AE2558C535002A69E5 /* IBMPlexSans-MediumItalic.ttf in Resources */ = {isa = PBXBuildFile; fileRef = 5118A8A02558C535002A69E5 /* IBMPlexSans-MediumItalic.ttf */; };
		5118A8AF2558C535002A69E5 /* IBMPlexSans-BoldItalic.ttf in Resources */ = {isa = PBXBuildFile; fileRef = 5118A8A12558C535002A69E5 /* IBMPlexSans-BoldItalic.ttf */; };
		5118A8B02558C535002A69E5 /* IBMPlexSans-SemiBold.ttf in Resources */ = {isa = PBXBuildFile; fileRef = 5118A8A22558C535002A69E5 /* IBMPlexSans-SemiBold.ttf */; };
		5118A8B12558C535002A69E5 /* IBMPlexSans-SemiBoldItalic.ttf in Resources */ = {isa = PBXBuildFile; fileRef = 5118A8A32558C535002A69E5 /* IBMPlexSans-SemiBoldItalic.ttf */; };
		5118A8B22558C535002A69E5 /* IBMPlexSans-Bold.ttf in Resources */ = {isa = PBXBuildFile; fileRef = 5118A8A42558C535002A69E5 /* IBMPlexSans-Bold.ttf */; };
		5118A8B32558C535002A69E5 /* IBMPlexSans-Medium.ttf in Resources */ = {isa = PBXBuildFile; fileRef = 5118A8A52558C535002A69E5 /* IBMPlexSans-Medium.ttf */; };
		5118A8B42558C535002A69E5 /* IBMPlexSans-ThinItalic.ttf in Resources */ = {isa = PBXBuildFile; fileRef = 5118A8A62558C535002A69E5 /* IBMPlexSans-ThinItalic.ttf */; };
		5118A8B62558D340002A69E5 /* ConversionCell.swift in Sources */ = {isa = PBXBuildFile; fileRef = 5118A8B52558D340002A69E5 /* ConversionCell.swift */; };
		5118A8B82558E3FD002A69E5 /* ExcListItem.swift in Sources */ = {isa = PBXBuildFile; fileRef = 5118A8B72558E3FD002A69E5 /* ExcListItem.swift */; };
		5118A8BA2558F3C9002A69E5 /* WalletListItem.swift in Sources */ = {isa = PBXBuildFile; fileRef = 5118A8B92558F3C9002A69E5 /* WalletListItem.swift */; };
		5118A8BC2558F42E002A69E5 /* WalletCell.swift in Sources */ = {isa = PBXBuildFile; fileRef = 5118A8BB2558F42E002A69E5 /* WalletCell.swift */; };
		5177144725563F8C00B62BAE /* AppDelegate.swift in Sources */ = {isa = PBXBuildFile; fileRef = 5177144625563F8C00B62BAE /* AppDelegate.swift */; };
		5177144925563F8C00B62BAE /* SceneDelegate.swift in Sources */ = {isa = PBXBuildFile; fileRef = 5177144825563F8C00B62BAE /* SceneDelegate.swift */; };
		5177145025563F8C00B62BAE /* Main.storyboard in Resources */ = {isa = PBXBuildFile; fileRef = 5177144E25563F8C00B62BAE /* Main.storyboard */; };
		5177145225563F8D00B62BAE /* Assets.xcassets in Resources */ = {isa = PBXBuildFile; fileRef = 5177145125563F8D00B62BAE /* Assets.xcassets */; };
		5177145525563F8D00B62BAE /* LaunchScreen.storyboard in Resources */ = {isa = PBXBuildFile; fileRef = 5177145325563F8D00B62BAE /* LaunchScreen.storyboard */; };
		5177146025563F8D00B62BAE /* CurrencyConvertTests.swift in Sources */ = {isa = PBXBuildFile; fileRef = 5177145F25563F8D00B62BAE /* CurrencyConvertTests.swift */; };
		51D9A6CB25577785007D5A32 /* RealmManager.swift in Sources */ = {isa = PBXBuildFile; fileRef = 51D9A6CA25577785007D5A32 /* RealmManager.swift */; };
		51D9A6CD2557778D007D5A32 /* APIManager.swift in Sources */ = {isa = PBXBuildFile; fileRef = 51D9A6CC2557778D007D5A32 /* APIManager.swift */; };
		51D9A6D925577F24007D5A32 /* ExcService.swift in Sources */ = {isa = PBXBuildFile; fileRef = 51D9A6D825577F24007D5A32 /* ExcService.swift */; };
		51D9A6DB25577F3F007D5A32 /* ExcRouter.swift in Sources */ = {isa = PBXBuildFile; fileRef = 51D9A6DA25577F3F007D5A32 /* ExcRouter.swift */; };
		51D9A6DD25577F5B007D5A32 /* ExcRate.swift in Sources */ = {isa = PBXBuildFile; fileRef = 51D9A6DC25577F5B007D5A32 /* ExcRate.swift */; };
		51D9A6E2255781B2007D5A32 /* ExcViewModel.swift in Sources */ = {isa = PBXBuildFile; fileRef = 51D9A6E1255781B2007D5A32 /* ExcViewModel.swift */; };
		51D9A6E425579815007D5A32 /* ExcViewController.swift in Sources */ = {isa = PBXBuildFile; fileRef = 51D9A6E325579815007D5A32 /* ExcViewController.swift */; };
		51D9A6E625579C42007D5A32 /* WalletViewModel.swift in Sources */ = {isa = PBXBuildFile; fileRef = 51D9A6E525579C42007D5A32 /* WalletViewModel.swift */; };
		51D9A6E825579C55007D5A32 /* WalletViewController.swift in Sources */ = {isa = PBXBuildFile; fileRef = 51D9A6E725579C55007D5A32 /* WalletViewController.swift */; };
		51D9A6EB2557A82C007D5A32 /* CurrencyViewController.swift in Sources */ = {isa = PBXBuildFile; fileRef = 51D9A6EA2557A82C007D5A32 /* CurrencyViewController.swift */; };
		51D9A6EF2557A873007D5A32 /* CurrencyCell.swift in Sources */ = {isa = PBXBuildFile; fileRef = 51D9A6EE2557A873007D5A32 /* CurrencyCell.swift */; };
		51D9A6F22557A8B0007D5A32 /* UITableViewCell.swift in Sources */ = {isa = PBXBuildFile; fileRef = 51D9A6F12557A8B0007D5A32 /* UITableViewCell.swift */; };
		51D9A6F42557A8BA007D5A32 /* UIViewController.swift in Sources */ = {isa = PBXBuildFile; fileRef = 51D9A6F32557A8BA007D5A32 /* UIViewController.swift */; };
		51D9A6F62557A8E1007D5A32 /* Collection.swift in Sources */ = {isa = PBXBuildFile; fileRef = 51D9A6F52557A8E1007D5A32 /* Collection.swift */; };
		51D9A6F92557A944007D5A32 /* CurrencyListItem.swift in Sources */ = {isa = PBXBuildFile; fileRef = 51D9A6F82557A944007D5A32 /* CurrencyListItem.swift */; };
		51D9A6FB2557A9E0007D5A32 /* CurrencyViewModel.swift in Sources */ = {isa = PBXBuildFile; fileRef = 51D9A6FA2557A9E0007D5A32 /* CurrencyViewModel.swift */; };
		51D9A6FD2557ADB9007D5A32 /* Vocabulary.swift in Sources */ = {isa = PBXBuildFile; fileRef = 51D9A6FC2557ADB9007D5A32 /* Vocabulary.swift */; };
		A65E7890A50F6AC17A11D44D /* Pods_CurrencyConvertTests.framework in Frameworks */ = {isa = PBXBuildFile; fileRef = 2A515E7BCD1C433CA69722D9 /* Pods_CurrencyConvertTests.framework */; };
		C080DD72597AAB053E053256 /* Pods_CurrencyConvert.framework in Frameworks */ = {isa = PBXBuildFile; fileRef = E53426CA02055092232A7BA5 /* Pods_CurrencyConvert.framework */; };
/* End PBXBuildFile section */

/* Begin PBXContainerItemProxy section */
		5177145C25563F8D00B62BAE /* PBXContainerItemProxy */ = {
			isa = PBXContainerItemProxy;
			containerPortal = 5177143B25563F8C00B62BAE /* Project object */;
			proxyType = 1;
			remoteGlobalIDString = 5177144225563F8C00B62BAE;
			remoteInfo = CurrencyConvert;
		};
/* End PBXContainerItemProxy section */

/* Begin PBXFileReference section */
		2A515E7BCD1C433CA69722D9 /* Pods_CurrencyConvertTests.framework */ = {isa = PBXFileReference; explicitFileType = wrapper.framework; includeInIndex = 0; path = Pods_CurrencyConvertTests.framework; sourceTree = BUILT_PRODUCTS_DIR; };
		5118A8992558C535002A69E5 /* IBMPlexSans-LightItalic.ttf */ = {isa = PBXFileReference; lastKnownFileType = file; path = "IBMPlexSans-LightItalic.ttf"; sourceTree = "<group>"; };
		5118A89A2558C535002A69E5 /* IBMPlexSans-ExtraLightItalic.ttf */ = {isa = PBXFileReference; lastKnownFileType = file; path = "IBMPlexSans-ExtraLightItalic.ttf"; sourceTree = "<group>"; };
		5118A89B2558C535002A69E5 /* IBMPlexSans-Thin.ttf */ = {isa = PBXFileReference; lastKnownFileType = file; path = "IBMPlexSans-Thin.ttf"; sourceTree = "<group>"; };
		5118A89C2558C535002A69E5 /* IBMPlexSans-Italic.ttf */ = {isa = PBXFileReference; lastKnownFileType = file; path = "IBMPlexSans-Italic.ttf"; sourceTree = "<group>"; };
		5118A89D2558C535002A69E5 /* IBMPlexSans-Regular.ttf */ = {isa = PBXFileReference; lastKnownFileType = file; path = "IBMPlexSans-Regular.ttf"; sourceTree = "<group>"; };
		5118A89E2558C535002A69E5 /* IBMPlexSans-ExtraLight.ttf */ = {isa = PBXFileReference; lastKnownFileType = file; path = "IBMPlexSans-ExtraLight.ttf"; sourceTree = "<group>"; };
		5118A89F2558C535002A69E5 /* IBMPlexSans-Light.ttf */ = {isa = PBXFileReference; lastKnownFileType = file; path = "IBMPlexSans-Light.ttf"; sourceTree = "<group>"; };
		5118A8A02558C535002A69E5 /* IBMPlexSans-MediumItalic.ttf */ = {isa = PBXFileReference; lastKnownFileType = file; path = "IBMPlexSans-MediumItalic.ttf"; sourceTree = "<group>"; };
		5118A8A12558C535002A69E5 /* IBMPlexSans-BoldItalic.ttf */ = {isa = PBXFileReference; lastKnownFileType = file; path = "IBMPlexSans-BoldItalic.ttf"; sourceTree = "<group>"; };
		5118A8A22558C535002A69E5 /* IBMPlexSans-SemiBold.ttf */ = {isa = PBXFileReference; lastKnownFileType = file; path = "IBMPlexSans-SemiBold.ttf"; sourceTree = "<group>"; };
		5118A8A32558C535002A69E5 /* IBMPlexSans-SemiBoldItalic.ttf */ = {isa = PBXFileReference; lastKnownFileType = file; path = "IBMPlexSans-SemiBoldItalic.ttf"; sourceTree = "<group>"; };
		5118A8A42558C535002A69E5 /* IBMPlexSans-Bold.ttf */ = {isa = PBXFileReference; lastKnownFileType = file; path = "IBMPlexSans-Bold.ttf"; sourceTree = "<group>"; };
		5118A8A52558C535002A69E5 /* IBMPlexSans-Medium.ttf */ = {isa = PBXFileReference; lastKnownFileType = file; path = "IBMPlexSans-Medium.ttf"; sourceTree = "<group>"; };
		5118A8A62558C535002A69E5 /* IBMPlexSans-ThinItalic.ttf */ = {isa = PBXFileReference; lastKnownFileType = file; path = "IBMPlexSans-ThinItalic.ttf"; sourceTree = "<group>"; };
		5118A8B52558D340002A69E5 /* ConversionCell.swift */ = {isa = PBXFileReference; lastKnownFileType = sourcecode.swift; path = ConversionCell.swift; sourceTree = "<group>"; };
		5118A8B72558E3FD002A69E5 /* ExcListItem.swift */ = {isa = PBXFileReference; lastKnownFileType = sourcecode.swift; path = ExcListItem.swift; sourceTree = "<group>"; };
		5118A8B92558F3C9002A69E5 /* WalletListItem.swift */ = {isa = PBXFileReference; lastKnownFileType = sourcecode.swift; path = WalletListItem.swift; sourceTree = "<group>"; };
		5118A8BB2558F42E002A69E5 /* WalletCell.swift */ = {isa = PBXFileReference; lastKnownFileType = sourcecode.swift; path = WalletCell.swift; sourceTree = "<group>"; };
		5177144325563F8C00B62BAE /* CurrencyConvert.app */ = {isa = PBXFileReference; explicitFileType = wrapper.application; includeInIndex = 0; path = CurrencyConvert.app; sourceTree = BUILT_PRODUCTS_DIR; };
		5177144625563F8C00B62BAE /* AppDelegate.swift */ = {isa = PBXFileReference; lastKnownFileType = sourcecode.swift; path = AppDelegate.swift; sourceTree = "<group>"; };
		5177144825563F8C00B62BAE /* SceneDelegate.swift */ = {isa = PBXFileReference; lastKnownFileType = sourcecode.swift; path = SceneDelegate.swift; sourceTree = "<group>"; };
		5177144F25563F8C00B62BAE /* Base */ = {isa = PBXFileReference; lastKnownFileType = file.storyboard; name = Base; path = Base.lproj/Main.storyboard; sourceTree = "<group>"; };
		5177145125563F8D00B62BAE /* Assets.xcassets */ = {isa = PBXFileReference; lastKnownFileType = folder.assetcatalog; path = Assets.xcassets; sourceTree = "<group>"; };
		5177145425563F8D00B62BAE /* Base */ = {isa = PBXFileReference; lastKnownFileType = file.storyboard; name = Base; path = Base.lproj/LaunchScreen.storyboard; sourceTree = "<group>"; };
		5177145625563F8D00B62BAE /* Info.plist */ = {isa = PBXFileReference; lastKnownFileType = text.plist.xml; path = Info.plist; sourceTree = "<group>"; };
		5177145B25563F8D00B62BAE /* CurrencyConvertTests.xctest */ = {isa = PBXFileReference; explicitFileType = wrapper.cfbundle; includeInIndex = 0; path = CurrencyConvertTests.xctest; sourceTree = BUILT_PRODUCTS_DIR; };
		5177145F25563F8D00B62BAE /* CurrencyConvertTests.swift */ = {isa = PBXFileReference; lastKnownFileType = sourcecode.swift; path = CurrencyConvertTests.swift; sourceTree = "<group>"; };
		5177146125563F8D00B62BAE /* Info.plist */ = {isa = PBXFileReference; lastKnownFileType = text.plist.xml; path = Info.plist; sourceTree = "<group>"; };
		51D9A6CA25577785007D5A32 /* RealmManager.swift */ = {isa = PBXFileReference; lastKnownFileType = sourcecode.swift; path = RealmManager.swift; sourceTree = "<group>"; };
		51D9A6CC2557778D007D5A32 /* APIManager.swift */ = {isa = PBXFileReference; lastKnownFileType = sourcecode.swift; path = APIManager.swift; sourceTree = "<group>"; };
		51D9A6D825577F24007D5A32 /* ExcService.swift */ = {isa = PBXFileReference; lastKnownFileType = sourcecode.swift; path = ExcService.swift; sourceTree = "<group>"; };
		51D9A6DA25577F3F007D5A32 /* ExcRouter.swift */ = {isa = PBXFileReference; lastKnownFileType = sourcecode.swift; path = ExcRouter.swift; sourceTree = "<group>"; };
		51D9A6DC25577F5B007D5A32 /* ExcRate.swift */ = {isa = PBXFileReference; lastKnownFileType = sourcecode.swift; path = ExcRate.swift; sourceTree = "<group>"; };
		51D9A6E1255781B2007D5A32 /* ExcViewModel.swift */ = {isa = PBXFileReference; lastKnownFileType = sourcecode.swift; path = ExcViewModel.swift; sourceTree = "<group>"; };
		51D9A6E325579815007D5A32 /* ExcViewController.swift */ = {isa = PBXFileReference; lastKnownFileType = sourcecode.swift; path = ExcViewController.swift; sourceTree = "<group>"; };
		51D9A6E525579C42007D5A32 /* WalletViewModel.swift */ = {isa = PBXFileReference; lastKnownFileType = sourcecode.swift; path = WalletViewModel.swift; sourceTree = "<group>"; };
		51D9A6E725579C55007D5A32 /* WalletViewController.swift */ = {isa = PBXFileReference; lastKnownFileType = sourcecode.swift; path = WalletViewController.swift; sourceTree = "<group>"; };
		51D9A6EA2557A82C007D5A32 /* CurrencyViewController.swift */ = {isa = PBXFileReference; lastKnownFileType = sourcecode.swift; path = CurrencyViewController.swift; sourceTree = "<group>"; };
		51D9A6EE2557A873007D5A32 /* CurrencyCell.swift */ = {isa = PBXFileReference; lastKnownFileType = sourcecode.swift; path = CurrencyCell.swift; sourceTree = "<group>"; };
		51D9A6F12557A8B0007D5A32 /* UITableViewCell.swift */ = {isa = PBXFileReference; lastKnownFileType = sourcecode.swift; path = UITableViewCell.swift; sourceTree = "<group>"; };
		51D9A6F32557A8BA007D5A32 /* UIViewController.swift */ = {isa = PBXFileReference; lastKnownFileType = sourcecode.swift; path = UIViewController.swift; sourceTree = "<group>"; };
		51D9A6F52557A8E1007D5A32 /* Collection.swift */ = {isa = PBXFileReference; lastKnownFileType = sourcecode.swift; path = Collection.swift; sourceTree = "<group>"; };
		51D9A6F82557A944007D5A32 /* CurrencyListItem.swift */ = {isa = PBXFileReference; lastKnownFileType = sourcecode.swift; path = CurrencyListItem.swift; sourceTree = "<group>"; };
		51D9A6FA2557A9E0007D5A32 /* CurrencyViewModel.swift */ = {isa = PBXFileReference; lastKnownFileType = sourcecode.swift; path = CurrencyViewModel.swift; sourceTree = "<group>"; };
		51D9A6FC2557ADB9007D5A32 /* Vocabulary.swift */ = {isa = PBXFileReference; lastKnownFileType = sourcecode.swift; path = Vocabulary.swift; sourceTree = "<group>"; };
		5EBE86158CA2BEED7E4003E7 /* Pods-CurrencyConvert.debug.xcconfig */ = {isa = PBXFileReference; includeInIndex = 1; lastKnownFileType = text.xcconfig; name = "Pods-CurrencyConvert.debug.xcconfig"; path = "Target Support Files/Pods-CurrencyConvert/Pods-CurrencyConvert.debug.xcconfig"; sourceTree = "<group>"; };
		A1BA0BF887F16D55DABA85F2 /* Pods-CurrencyConvertTests.debug.xcconfig */ = {isa = PBXFileReference; includeInIndex = 1; lastKnownFileType = text.xcconfig; name = "Pods-CurrencyConvertTests.debug.xcconfig"; path = "Target Support Files/Pods-CurrencyConvertTests/Pods-CurrencyConvertTests.debug.xcconfig"; sourceTree = "<group>"; };
		AE0D4C07C85BAADA29B2AF1F /* Pods-CurrencyConvertTests.release.xcconfig */ = {isa = PBXFileReference; includeInIndex = 1; lastKnownFileType = text.xcconfig; name = "Pods-CurrencyConvertTests.release.xcconfig"; path = "Target Support Files/Pods-CurrencyConvertTests/Pods-CurrencyConvertTests.release.xcconfig"; sourceTree = "<group>"; };
		C69D8EA96966358FC4AE43EF /* Pods-CurrencyConvert.release.xcconfig */ = {isa = PBXFileReference; includeInIndex = 1; lastKnownFileType = text.xcconfig; name = "Pods-CurrencyConvert.release.xcconfig"; path = "Target Support Files/Pods-CurrencyConvert/Pods-CurrencyConvert.release.xcconfig"; sourceTree = "<group>"; };
		E53426CA02055092232A7BA5 /* Pods_CurrencyConvert.framework */ = {isa = PBXFileReference; explicitFileType = wrapper.framework; includeInIndex = 0; path = Pods_CurrencyConvert.framework; sourceTree = BUILT_PRODUCTS_DIR; };
/* End PBXFileReference section */

/* Begin PBXFrameworksBuildPhase section */
		5177144025563F8C00B62BAE /* Frameworks */ = {
			isa = PBXFrameworksBuildPhase;
			buildActionMask = 2147483647;
			files = (
				C080DD72597AAB053E053256 /* Pods_CurrencyConvert.framework in Frameworks */,
			);
			runOnlyForDeploymentPostprocessing = 0;
		};
		5177145825563F8D00B62BAE /* Frameworks */ = {
			isa = PBXFrameworksBuildPhase;
			buildActionMask = 2147483647;
			files = (
				A65E7890A50F6AC17A11D44D /* Pods_CurrencyConvertTests.framework in Frameworks */,
			);
			runOnlyForDeploymentPostprocessing = 0;
		};
/* End PBXFrameworksBuildPhase section */

/* Begin PBXGroup section */
		5118A8982558C51C002A69E5 /* Fonts */ = {
			isa = PBXGroup;
			children = (
				5118A8A42558C535002A69E5 /* IBMPlexSans-Bold.ttf */,
				5118A8A12558C535002A69E5 /* IBMPlexSans-BoldItalic.ttf */,
				5118A89E2558C535002A69E5 /* IBMPlexSans-ExtraLight.ttf */,
				5118A89A2558C535002A69E5 /* IBMPlexSans-ExtraLightItalic.ttf */,
				5118A89C2558C535002A69E5 /* IBMPlexSans-Italic.ttf */,
				5118A89F2558C535002A69E5 /* IBMPlexSans-Light.ttf */,
				5118A8992558C535002A69E5 /* IBMPlexSans-LightItalic.ttf */,
				5118A8A52558C535002A69E5 /* IBMPlexSans-Medium.ttf */,
				5118A8A02558C535002A69E5 /* IBMPlexSans-MediumItalic.ttf */,
				5118A89D2558C535002A69E5 /* IBMPlexSans-Regular.ttf */,
				5118A8A22558C535002A69E5 /* IBMPlexSans-SemiBold.ttf */,
				5118A8A32558C535002A69E5 /* IBMPlexSans-SemiBoldItalic.ttf */,
				5118A89B2558C535002A69E5 /* IBMPlexSans-Thin.ttf */,
				5118A8A62558C535002A69E5 /* IBMPlexSans-ThinItalic.ttf */,
			);
			path = Fonts;
			sourceTree = "<group>";
		};
		5177143A25563F8C00B62BAE = {
			isa = PBXGroup;
			children = (
				5177144525563F8C00B62BAE /* CurrencyConvert */,
				5177145E25563F8D00B62BAE /* CurrencyConvertTests */,
				5177144425563F8C00B62BAE /* Products */,
				6DDC59384B69C0F8DF25A82A /* Pods */,
				DFBD612007C97269B1805E4F /* Frameworks */,
			);
			sourceTree = "<group>";
		};
		5177144425563F8C00B62BAE /* Products */ = {
			isa = PBXGroup;
			children = (
				5177144325563F8C00B62BAE /* CurrencyConvert.app */,
				5177145B25563F8D00B62BAE /* CurrencyConvertTests.xctest */,
			);
			name = Products;
			sourceTree = "<group>";
		};
		5177144525563F8C00B62BAE /* CurrencyConvert */ = {
			isa = PBXGroup;
			children = (
				51D9A6C82557774D007D5A32 /* API */,
				51D9A6CF255777BF007D5A32 /* Modules */,
				51D9A6CE255777A2007D5A32 /* Supporting Files */,
			);
			path = CurrencyConvert;
			sourceTree = "<group>";
		};
		5177145E25563F8D00B62BAE /* CurrencyConvertTests */ = {
			isa = PBXGroup;
			children = (
				5177145F25563F8D00B62BAE /* CurrencyConvertTests.swift */,
				5177146125563F8D00B62BAE /* Info.plist */,
			);
			path = CurrencyConvertTests;
			sourceTree = "<group>";
		};
		51D9A6C82557774D007D5A32 /* API */ = {
			isa = PBXGroup;
			children = (
				51D9A6C92557775B007D5A32 /* Manager */,
				51D9A6D125577B78007D5A32 /* Model */,
				51D9A6D425577ECB007D5A32 /* Routers */,
				51D9A6D725577EFA007D5A32 /* Services */,
			);
			path = API;
			sourceTree = "<group>";
		};
		51D9A6C92557775B007D5A32 /* Manager */ = {
			isa = PBXGroup;
			children = (
				51D9A6CC2557778D007D5A32 /* APIManager.swift */,
				51D9A6CA25577785007D5A32 /* RealmManager.swift */,
			);
			path = Manager;
			sourceTree = "<group>";
		};
		51D9A6CE255777A2007D5A32 /* Supporting Files */ = {
			isa = PBXGroup;
			children = (
				5118A8982558C51C002A69E5 /* Fonts */,
				5177145625563F8D00B62BAE /* Info.plist */,
				5177145325563F8D00B62BAE /* LaunchScreen.storyboard */,
				5177145125563F8D00B62BAE /* Assets.xcassets */,
				5177144625563F8C00B62BAE /* AppDelegate.swift */,
				5177144825563F8C00B62BAE /* SceneDelegate.swift */,
				51D9A6FC2557ADB9007D5A32 /* Vocabulary.swift */,
			);
			path = "Supporting Files";
			sourceTree = "<group>";
		};
		51D9A6CF255777BF007D5A32 /* Modules */ = {
			isa = PBXGroup;
			children = (
				51D9A6D0255777CF007D5A32 /* Exc */,
				51D9A6F02557A87A007D5A32 /* Extensions */,
			);
			path = Modules;
			sourceTree = "<group>";
		};
		51D9A6D0255777CF007D5A32 /* Exc */ = {
			isa = PBXGroup;
			children = (
				51D9A6F72557A911007D5A32 /* Model */,
				51D9A6E02557818B007D5A32 /* View */,
				51D9A6DF25578184007D5A32 /* View Model */,
			);
			path = Exc;
			sourceTree = "<group>";
		};
		51D9A6D125577B78007D5A32 /* Model */ = {
			isa = PBXGroup;
			children = (
				51D9A6DC25577F5B007D5A32 /* ExcRate.swift */,
			);
			path = Model;
			sourceTree = "<group>";
		};
		51D9A6D425577ECB007D5A32 /* Routers */ = {
			isa = PBXGroup;
			children = (
				51D9A6DA25577F3F007D5A32 /* ExcRouter.swift */,
			);
			path = Routers;
			sourceTree = "<group>";
		};
		51D9A6D725577EFA007D5A32 /* Services */ = {
			isa = PBXGroup;
			children = (
				51D9A6D825577F24007D5A32 /* ExcService.swift */,
			);
			path = Services;
			sourceTree = "<group>";
		};
		51D9A6DF25578184007D5A32 /* View Model */ = {
			isa = PBXGroup;
			children = (
				51D9A6E1255781B2007D5A32 /* ExcViewModel.swift */,
				51D9A6FA2557A9E0007D5A32 /* CurrencyViewModel.swift */,
				51D9A6E525579C42007D5A32 /* WalletViewModel.swift */,
			);
			path = "View Model";
			sourceTree = "<group>";
		};
		51D9A6E02557818B007D5A32 /* View */ = {
			isa = PBXGroup;
			children = (
				51D9A6ED2557A843007D5A32 /* Storyboard */,
				51D9A6EC2557A834007D5A32 /* View Controllers */,
				51D9A6E92557A80A007D5A32 /* Cells */,
			);
			path = View;
			sourceTree = "<group>";
		};
		51D9A6E92557A80A007D5A32 /* Cells */ = {
			isa = PBXGroup;
			children = (
				51D9A6EE2557A873007D5A32 /* CurrencyCell.swift */,
				5118A8B52558D340002A69E5 /* ConversionCell.swift */,
				5118A8BB2558F42E002A69E5 /* WalletCell.swift */,
			);
			path = Cells;
			sourceTree = "<group>";
		};
		51D9A6EC2557A834007D5A32 /* View Controllers */ = {
			isa = PBXGroup;
			children = (
				51D9A6E325579815007D5A32 /* ExcViewController.swift */,
				51D9A6EA2557A82C007D5A32 /* CurrencyViewController.swift */,
				51D9A6E725579C55007D5A32 /* WalletViewController.swift */,
			);
			path = "View Controllers";
			sourceTree = "<group>";
		};
		51D9A6ED2557A843007D5A32 /* Storyboard */ = {
			isa = PBXGroup;
			children = (
				5177144E25563F8C00B62BAE /* Main.storyboard */,
			);
			path = Storyboard;
			sourceTree = "<group>";
		};
		51D9A6F02557A87A007D5A32 /* Extensions */ = {
			isa = PBXGroup;
			children = (
				51D9A6F12557A8B0007D5A32 /* UITableViewCell.swift */,
				51D9A6F32557A8BA007D5A32 /* UIViewController.swift */,
				51D9A6F52557A8E1007D5A32 /* Collection.swift */,
			);
			path = Extensions;
			sourceTree = "<group>";
		};
		51D9A6F72557A911007D5A32 /* Model */ = {
			isa = PBXGroup;
			children = (
				51D9A6F82557A944007D5A32 /* CurrencyListItem.swift */,
				5118A8B72558E3FD002A69E5 /* ExcListItem.swift */,
				5118A8B92558F3C9002A69E5 /* WalletListItem.swift */,
			);
			path = Model;
			sourceTree = "<group>";
		};
		6DDC59384B69C0F8DF25A82A /* Pods */ = {
			isa = PBXGroup;
			children = (
				5EBE86158CA2BEED7E4003E7 /* Pods-CurrencyConvert.debug.xcconfig */,
				C69D8EA96966358FC4AE43EF /* Pods-CurrencyConvert.release.xcconfig */,
				A1BA0BF887F16D55DABA85F2 /* Pods-CurrencyConvertTests.debug.xcconfig */,
				AE0D4C07C85BAADA29B2AF1F /* Pods-CurrencyConvertTests.release.xcconfig */,
			);
			path = Pods;
			sourceTree = "<group>";
		};
		DFBD612007C97269B1805E4F /* Frameworks */ = {
			isa = PBXGroup;
			children = (
				E53426CA02055092232A7BA5 /* Pods_CurrencyConvert.framework */,
				2A515E7BCD1C433CA69722D9 /* Pods_CurrencyConvertTests.framework */,
			);
			name = Frameworks;
			sourceTree = "<group>";
		};
/* End PBXGroup section */

/* Begin PBXNativeTarget section */
		5177144225563F8C00B62BAE /* CurrencyConvert */ = {
			isa = PBXNativeTarget;
			buildConfigurationList = 5177146425563F8D00B62BAE /* Build configuration list for PBXNativeTarget "CurrencyConvert" */;
			buildPhases = (
				75A51E824DBFD9FCDDC63832 /* [CP] Check Pods Manifest.lock */,
				5177143F25563F8C00B62BAE /* Sources */,
				5177144025563F8C00B62BAE /* Frameworks */,
				5177144125563F8C00B62BAE /* Resources */,
				CBE3F300FAE8F86D204A69E8 /* [CP] Embed Pods Frameworks */,
			);
			buildRules = (
			);
			dependencies = (
			);
			name = CurrencyConvert;
			productName = CurrencyConvert;
			productReference = 5177144325563F8C00B62BAE /* CurrencyConvert.app */;
			productType = "com.apple.product-type.application";
		};
		5177145A25563F8D00B62BAE /* CurrencyConvertTests */ = {
			isa = PBXNativeTarget;
			buildConfigurationList = 5177146725563F8D00B62BAE /* Build configuration list for PBXNativeTarget "CurrencyConvertTests" */;
			buildPhases = (
				1480A375AC918551A4190211 /* [CP] Check Pods Manifest.lock */,
				5177145725563F8D00B62BAE /* Sources */,
				5177145825563F8D00B62BAE /* Frameworks */,
				5177145925563F8D00B62BAE /* Resources */,
				AF34F13CC1E6CC3785D2B2B4 /* [CP] Embed Pods Frameworks */,
			);
			buildRules = (
			);
			dependencies = (
				5177145D25563F8D00B62BAE /* PBXTargetDependency */,
			);
			name = CurrencyConvertTests;
			productName = CurrencyConvertTests;
			productReference = 5177145B25563F8D00B62BAE /* CurrencyConvertTests.xctest */;
			productType = "com.apple.product-type.bundle.unit-test";
		};
/* End PBXNativeTarget section */

/* Begin PBXProject section */
		5177143B25563F8C00B62BAE /* Project object */ = {
			isa = PBXProject;
			attributes = {
				LastSwiftUpdateCheck = 1170;
				LastUpgradeCheck = 1170;
				ORGANIZATIONNAME = "John Paul Manoza";
				TargetAttributes = {
					5177144225563F8C00B62BAE = {
						CreatedOnToolsVersion = 11.7;
					};
					5177145A25563F8D00B62BAE = {
						CreatedOnToolsVersion = 11.7;
						TestTargetID = 5177144225563F8C00B62BAE;
					};
				};
			};
			buildConfigurationList = 5177143E25563F8C00B62BAE /* Build configuration list for PBXProject "CurrencyConvert" */;
			compatibilityVersion = "Xcode 9.3";
			developmentRegion = en;
			hasScannedForEncodings = 0;
			knownRegions = (
				en,
				Base,
			);
			mainGroup = 5177143A25563F8C00B62BAE;
			productRefGroup = 5177144425563F8C00B62BAE /* Products */;
			projectDirPath = "";
			projectRoot = "";
			targets = (
				5177144225563F8C00B62BAE /* CurrencyConvert */,
				5177145A25563F8D00B62BAE /* CurrencyConvertTests */,
			);
		};
/* End PBXProject section */

/* Begin PBXResourcesBuildPhase section */
		5177144125563F8C00B62BAE /* Resources */ = {
			isa = PBXResourcesBuildPhase;
			buildActionMask = 2147483647;
			files = (
				5118A8AF2558C535002A69E5 /* IBMPlexSans-BoldItalic.ttf in Resources */,
				5118A8AD2558C535002A69E5 /* IBMPlexSans-Light.ttf in Resources */,
				5118A8AE2558C535002A69E5 /* IBMPlexSans-MediumItalic.ttf in Resources */,
				5118A8AB2558C535002A69E5 /* IBMPlexSans-Regular.ttf in Resources */,
				5118A8B12558C535002A69E5 /* IBMPlexSans-SemiBoldItalic.ttf in Resources */,
				5118A8A72558C535002A69E5 /* IBMPlexSans-LightItalic.ttf in Resources */,
				5118A8B32558C535002A69E5 /* IBMPlexSans-Medium.ttf in Resources */,
				5177145525563F8D00B62BAE /* LaunchScreen.storyboard in Resources */,
				5177145225563F8D00B62BAE /* Assets.xcassets in Resources */,
				5118A8B42558C535002A69E5 /* IBMPlexSans-ThinItalic.ttf in Resources */,
				5177145025563F8C00B62BAE /* Main.storyboard in Resources */,
				5118A8A92558C535002A69E5 /* IBMPlexSans-Thin.ttf in Resources */,
				5118A8AC2558C535002A69E5 /* IBMPlexSans-ExtraLight.ttf in Resources */,
				5118A8B22558C535002A69E5 /* IBMPlexSans-Bold.ttf in Resources */,
				5118A8A82558C535002A69E5 /* IBMPlexSans-ExtraLightItalic.ttf in Resources */,
				5118A8AA2558C535002A69E5 /* IBMPlexSans-Italic.ttf in Resources */,
				5118A8B02558C535002A69E5 /* IBMPlexSans-SemiBold.ttf in Resources */,
			);
			runOnlyForDeploymentPostprocessing = 0;
		};
		5177145925563F8D00B62BAE /* Resources */ = {
			isa = PBXResourcesBuildPhase;
			buildActionMask = 2147483647;
			files = (
			);
			runOnlyForDeploymentPostprocessing = 0;
		};
/* End PBXResourcesBuildPhase section */

/* Begin PBXShellScriptBuildPhase section */
		1480A375AC918551A4190211 /* [CP] Check Pods Manifest.lock */ = {
			isa = PBXShellScriptBuildPhase;
			buildActionMask = 2147483647;
			files = (
			);
			inputFileListPaths = (
			);
			inputPaths = (
				"${PODS_PODFILE_DIR_PATH}/Podfile.lock",
				"${PODS_ROOT}/Manifest.lock",
			);
			name = "[CP] Check Pods Manifest.lock";
			outputFileListPaths = (
			);
			outputPaths = (
				"$(DERIVED_FILE_DIR)/Pods-CurrencyConvertTests-checkManifestLockResult.txt",
			);
			runOnlyForDeploymentPostprocessing = 0;
			shellPath = /bin/sh;
			shellScript = "diff \"${PODS_PODFILE_DIR_PATH}/Podfile.lock\" \"${PODS_ROOT}/Manifest.lock\" > /dev/null\nif [ $? != 0 ] ; then\n    # print error to STDERR\n    echo \"error: The sandbox is not in sync with the Podfile.lock. Run 'pod install' or update your CocoaPods installation.\" >&2\n    exit 1\nfi\n# This output is used by Xcode 'outputs' to avoid re-running this script phase.\necho \"SUCCESS\" > \"${SCRIPT_OUTPUT_FILE_0}\"\n";
			showEnvVarsInLog = 0;
		};
		75A51E824DBFD9FCDDC63832 /* [CP] Check Pods Manifest.lock */ = {
			isa = PBXShellScriptBuildPhase;
			buildActionMask = 2147483647;
			files = (
			);
			inputFileListPaths = (
			);
			inputPaths = (
				"${PODS_PODFILE_DIR_PATH}/Podfile.lock",
				"${PODS_ROOT}/Manifest.lock",
			);
			name = "[CP] Check Pods Manifest.lock";
			outputFileListPaths = (
			);
			outputPaths = (
				"$(DERIVED_FILE_DIR)/Pods-CurrencyConvert-checkManifestLockResult.txt",
			);
			runOnlyForDeploymentPostprocessing = 0;
			shellPath = /bin/sh;
			shellScript = "diff \"${PODS_PODFILE_DIR_PATH}/Podfile.lock\" \"${PODS_ROOT}/Manifest.lock\" > /dev/null\nif [ $? != 0 ] ; then\n    # print error to STDERR\n    echo \"error: The sandbox is not in sync with the Podfile.lock. Run 'pod install' or update your CocoaPods installation.\" >&2\n    exit 1\nfi\n# This output is used by Xcode 'outputs' to avoid re-running this script phase.\necho \"SUCCESS\" > \"${SCRIPT_OUTPUT_FILE_0}\"\n";
			showEnvVarsInLog = 0;
		};
		AF34F13CC1E6CC3785D2B2B4 /* [CP] Embed Pods Frameworks */ = {
			isa = PBXShellScriptBuildPhase;
			buildActionMask = 2147483647;
			files = (
			);
			inputFileListPaths = (
				"${PODS_ROOT}/Target Support Files/Pods-CurrencyConvertTests/Pods-CurrencyConvertTests-frameworks-${CONFIGURATION}-input-files.xcfilelist",
			);
			name = "[CP] Embed Pods Frameworks";
			outputFileListPaths = (
				"${PODS_ROOT}/Target Support Files/Pods-CurrencyConvertTests/Pods-CurrencyConvertTests-frameworks-${CONFIGURATION}-output-files.xcfilelist",
			);
			runOnlyForDeploymentPostprocessing = 0;
			shellPath = /bin/sh;
			shellScript = "\"${PODS_ROOT}/Target Support Files/Pods-CurrencyConvertTests/Pods-CurrencyConvertTests-frameworks.sh\"\n";
			showEnvVarsInLog = 0;
		};
		CBE3F300FAE8F86D204A69E8 /* [CP] Embed Pods Frameworks */ = {
			isa = PBXShellScriptBuildPhase;
			buildActionMask = 2147483647;
			files = (
			);
			inputFileListPaths = (
				"${PODS_ROOT}/Target Support Files/Pods-CurrencyConvert/Pods-CurrencyConvert-frameworks-${CONFIGURATION}-input-files.xcfilelist",
			);
			name = "[CP] Embed Pods Frameworks";
			outputFileListPaths = (
				"${PODS_ROOT}/Target Support Files/Pods-CurrencyConvert/Pods-CurrencyConvert-frameworks-${CONFIGURATION}-output-files.xcfilelist",
			);
			runOnlyForDeploymentPostprocessing = 0;
			shellPath = /bin/sh;
			shellScript = "\"${PODS_ROOT}/Target Support Files/Pods-CurrencyConvert/Pods-CurrencyConvert-frameworks.sh\"\n";
			showEnvVarsInLog = 0;
		};
/* End PBXShellScriptBuildPhase section */

/* Begin PBXSourcesBuildPhase section */
		5177143F25563F8C00B62BAE /* Sources */ = {
			isa = PBXSourcesBuildPhase;
			buildActionMask = 2147483647;
			files = (
				51D9A6EF2557A873007D5A32 /* CurrencyCell.swift in Sources */,
				5118A8BA2558F3C9002A69E5 /* WalletListItem.swift in Sources */,
				51D9A6CD2557778D007D5A32 /* APIManager.swift in Sources */,
				51D9A6EB2557A82C007D5A32 /* CurrencyViewController.swift in Sources */,
				51D9A6DB25577F3F007D5A32 /* ExcRouter.swift in Sources */,
				51D9A6CB25577785007D5A32 /* RealmManager.swift in Sources */,
				51D9A6F22557A8B0007D5A32 /* UITableViewCell.swift in Sources */,
				51D9A6E425579815007D5A32 /* ExcViewController.swift in Sources */,
				51D9A6FB2557A9E0007D5A32 /* CurrencyViewModel.swift in Sources */,
				51D9A6F62557A8E1007D5A32 /* Collection.swift in Sources */,
				5118A8B62558D340002A69E5 /* ConversionCell.swift in Sources */,
				51D9A6E825579C55007D5A32 /* WalletViewController.swift in Sources */,
				5177144725563F8C00B62BAE /* AppDelegate.swift in Sources */,
				51D9A6F92557A944007D5A32 /* CurrencyListItem.swift in Sources */,
				5177144925563F8C00B62BAE /* SceneDelegate.swift in Sources */,
				51D9A6DD25577F5B007D5A32 /* ExcRate.swift in Sources */,
				51D9A6E625579C42007D5A32 /* WalletViewModel.swift in Sources */,
				51D9A6D925577F24007D5A32 /* ExcService.swift in Sources */,
				51D9A6FD2557ADB9007D5A32 /* Vocabulary.swift in Sources */,
				5118A8B82558E3FD002A69E5 /* ExcListItem.swift in Sources */,
				5118A8BC2558F42E002A69E5 /* WalletCell.swift in Sources */,
				51D9A6E2255781B2007D5A32 /* ExcViewModel.swift in Sources */,
				51D9A6F42557A8BA007D5A32 /* UIViewController.swift in Sources */,
			);
			runOnlyForDeploymentPostprocessing = 0;
		};
		5177145725563F8D00B62BAE /* Sources */ = {
			isa = PBXSourcesBuildPhase;
			buildActionMask = 2147483647;
			files = (
				5177146025563F8D00B62BAE /* CurrencyConvertTests.swift in Sources */,
			);
			runOnlyForDeploymentPostprocessing = 0;
		};
/* End PBXSourcesBuildPhase section */

/* Begin PBXTargetDependency section */
		5177145D25563F8D00B62BAE /* PBXTargetDependency */ = {
			isa = PBXTargetDependency;
			target = 5177144225563F8C00B62BAE /* CurrencyConvert */;
			targetProxy = 5177145C25563F8D00B62BAE /* PBXContainerItemProxy */;
		};
/* End PBXTargetDependency section */

/* Begin PBXVariantGroup section */
		5177144E25563F8C00B62BAE /* Main.storyboard */ = {
			isa = PBXVariantGroup;
			children = (
				5177144F25563F8C00B62BAE /* Base */,
			);
			name = Main.storyboard;
			sourceTree = "<group>";
		};
		5177145325563F8D00B62BAE /* LaunchScreen.storyboard */ = {
			isa = PBXVariantGroup;
			children = (
				5177145425563F8D00B62BAE /* Base */,
			);
			name = LaunchScreen.storyboard;
			sourceTree = "<group>";
		};
/* End PBXVariantGroup section */

/* Begin XCBuildConfiguration section */
		5177146225563F8D00B62BAE /* Debug */ = {
			isa = XCBuildConfiguration;
			buildSettings = {
				ALWAYS_SEARCH_USER_PATHS = NO;
				CLANG_ANALYZER_NONNULL = YES;
				CLANG_ANALYZER_NUMBER_OBJECT_CONVERSION = YES_AGGRESSIVE;
				CLANG_CXX_LANGUAGE_STANDARD = "gnu++14";
				CLANG_CXX_LIBRARY = "libc++";
				CLANG_ENABLE_MODULES = YES;
				CLANG_ENABLE_OBJC_ARC = YES;
				CLANG_ENABLE_OBJC_WEAK = YES;
				CLANG_WARN_BLOCK_CAPTURE_AUTORELEASING = YES;
				CLANG_WARN_BOOL_CONVERSION = YES;
				CLANG_WARN_COMMA = YES;
				CLANG_WARN_CONSTANT_CONVERSION = YES;
				CLANG_WARN_DEPRECATED_OBJC_IMPLEMENTATIONS = YES;
				CLANG_WARN_DIRECT_OBJC_ISA_USAGE = YES_ERROR;
				CLANG_WARN_DOCUMENTATION_COMMENTS = YES;
				CLANG_WARN_EMPTY_BODY = YES;
				CLANG_WARN_ENUM_CONVERSION = YES;
				CLANG_WARN_INFINITE_RECURSION = YES;
				CLANG_WARN_INT_CONVERSION = YES;
				CLANG_WARN_NON_LITERAL_NULL_CONVERSION = YES;
				CLANG_WARN_OBJC_IMPLICIT_RETAIN_SELF = YES;
				CLANG_WARN_OBJC_LITERAL_CONVERSION = YES;
				CLANG_WARN_OBJC_ROOT_CLASS = YES_ERROR;
				CLANG_WARN_RANGE_LOOP_ANALYSIS = YES;
				CLANG_WARN_STRICT_PROTOTYPES = YES;
				CLANG_WARN_SUSPICIOUS_MOVE = YES;
				CLANG_WARN_UNGUARDED_AVAILABILITY = YES_AGGRESSIVE;
				CLANG_WARN_UNREACHABLE_CODE = YES;
				CLANG_WARN__DUPLICATE_METHOD_MATCH = YES;
				COPY_PHASE_STRIP = NO;
				DEBUG_INFORMATION_FORMAT = dwarf;
				ENABLE_STRICT_OBJC_MSGSEND = YES;
				ENABLE_TESTABILITY = YES;
				GCC_C_LANGUAGE_STANDARD = gnu11;
				GCC_DYNAMIC_NO_PIC = NO;
				GCC_NO_COMMON_BLOCKS = YES;
				GCC_OPTIMIZATION_LEVEL = 0;
				GCC_PREPROCESSOR_DEFINITIONS = (
					"DEBUG=1",
					"$(inherited)",
				);
				GCC_WARN_64_TO_32_BIT_CONVERSION = YES;
				GCC_WARN_ABOUT_RETURN_TYPE = YES_ERROR;
				GCC_WARN_UNDECLARED_SELECTOR = YES;
				GCC_WARN_UNINITIALIZED_AUTOS = YES_AGGRESSIVE;
				GCC_WARN_UNUSED_FUNCTION = YES;
				GCC_WARN_UNUSED_VARIABLE = YES;
				IPHONEOS_DEPLOYMENT_TARGET = 13.7;
				MTL_ENABLE_DEBUG_INFO = INCLUDE_SOURCE;
				MTL_FAST_MATH = YES;
				ONLY_ACTIVE_ARCH = YES;
				SDKROOT = iphoneos;
				SWIFT_ACTIVE_COMPILATION_CONDITIONS = DEBUG;
				SWIFT_OPTIMIZATION_LEVEL = "-Onone";
			};
			name = Debug;
		};
		5177146325563F8D00B62BAE /* Release */ = {
			isa = XCBuildConfiguration;
			buildSettings = {
				ALWAYS_SEARCH_USER_PATHS = NO;
				CLANG_ANALYZER_NONNULL = YES;
				CLANG_ANALYZER_NUMBER_OBJECT_CONVERSION = YES_AGGRESSIVE;
				CLANG_CXX_LANGUAGE_STANDARD = "gnu++14";
				CLANG_CXX_LIBRARY = "libc++";
				CLANG_ENABLE_MODULES = YES;
				CLANG_ENABLE_OBJC_ARC = YES;
				CLANG_ENABLE_OBJC_WEAK = YES;
				CLANG_WARN_BLOCK_CAPTURE_AUTORELEASING = YES;
				CLANG_WARN_BOOL_CONVERSION = YES;
				CLANG_WARN_COMMA = YES;
				CLANG_WARN_CONSTANT_CONVERSION = YES;
				CLANG_WARN_DEPRECATED_OBJC_IMPLEMENTATIONS = YES;
				CLANG_WARN_DIRECT_OBJC_ISA_USAGE = YES_ERROR;
				CLANG_WARN_DOCUMENTATION_COMMENTS = YES;
				CLANG_WARN_EMPTY_BODY = YES;
				CLANG_WARN_ENUM_CONVERSION = YES;
				CLANG_WARN_INFINITE_RECURSION = YES;
				CLANG_WARN_INT_CONVERSION = YES;
				CLANG_WARN_NON_LITERAL_NULL_CONVERSION = YES;
				CLANG_WARN_OBJC_IMPLICIT_RETAIN_SELF = YES;
				CLANG_WARN_OBJC_LITERAL_CONVERSION = YES;
				CLANG_WARN_OBJC_ROOT_CLASS = YES_ERROR;
				CLANG_WARN_RANGE_LOOP_ANALYSIS = YES;
				CLANG_WARN_STRICT_PROTOTYPES = YES;
				CLANG_WARN_SUSPICIOUS_MOVE = YES;
				CLANG_WARN_UNGUARDED_AVAILABILITY = YES_AGGRESSIVE;
				CLANG_WARN_UNREACHABLE_CODE = YES;
				CLANG_WARN__DUPLICATE_METHOD_MATCH = YES;
				COPY_PHASE_STRIP = NO;
				DEBUG_INFORMATION_FORMAT = "dwarf-with-dsym";
				ENABLE_NS_ASSERTIONS = NO;
				ENABLE_STRICT_OBJC_MSGSEND = YES;
				GCC_C_LANGUAGE_STANDARD = gnu11;
				GCC_NO_COMMON_BLOCKS = YES;
				GCC_WARN_64_TO_32_BIT_CONVERSION = YES;
				GCC_WARN_ABOUT_RETURN_TYPE = YES_ERROR;
				GCC_WARN_UNDECLARED_SELECTOR = YES;
				GCC_WARN_UNINITIALIZED_AUTOS = YES_AGGRESSIVE;
				GCC_WARN_UNUSED_FUNCTION = YES;
				GCC_WARN_UNUSED_VARIABLE = YES;
				IPHONEOS_DEPLOYMENT_TARGET = 13.7;
				MTL_ENABLE_DEBUG_INFO = NO;
				MTL_FAST_MATH = YES;
				SDKROOT = iphoneos;
				SWIFT_COMPILATION_MODE = wholemodule;
				SWIFT_OPTIMIZATION_LEVEL = "-O";
				VALIDATE_PRODUCT = YES;
			};
			name = Release;
		};
		5177146525563F8D00B62BAE /* Debug */ = {
			isa = XCBuildConfiguration;
			baseConfigurationReference = 5EBE86158CA2BEED7E4003E7 /* Pods-CurrencyConvert.debug.xcconfig */;
			buildSettings = {
				ASSETCATALOG_COMPILER_APPICON_NAME = AppIcon;
				CODE_SIGN_STYLE = Automatic;
				DEVELOPMENT_TEAM = UYBM4DV87M;
				INFOPLIST_FILE = "CurrencyConvert/Supporting Files/Info.plist";
				IPHONEOS_DEPLOYMENT_TARGET = 13.0;
				LD_RUNPATH_SEARCH_PATHS = (
					"$(inherited)",
					"@executable_path/Frameworks",
				);
				PRODUCT_BUNDLE_IDENTIFIER = com.jpmanoza.CurrencyConvert;
				PRODUCT_NAME = "$(TARGET_NAME)";
				SWIFT_VERSION = 5.0;
				TARGETED_DEVICE_FAMILY = "1,2";
			};
			name = Debug;
		};
		5177146625563F8D00B62BAE /* Release */ = {
			isa = XCBuildConfiguration;
			baseConfigurationReference = C69D8EA96966358FC4AE43EF /* Pods-CurrencyConvert.release.xcconfig */;
			buildSettings = {
				ASSETCATALOG_COMPILER_APPICON_NAME = AppIcon;
				CODE_SIGN_STYLE = Automatic;
				DEVELOPMENT_TEAM = UYBM4DV87M;
				INFOPLIST_FILE = "CurrencyConvert/Supporting Files/Info.plist";
				IPHONEOS_DEPLOYMENT_TARGET = 13.0;
				LD_RUNPATH_SEARCH_PATHS = (
					"$(inherited)",
					"@executable_path/Frameworks",
				);
				PRODUCT_BUNDLE_IDENTIFIER = com.jpmanoza.CurrencyConvert;
				PRODUCT_NAME = "$(TARGET_NAME)";
				SWIFT_VERSION = 5.0;
				TARGETED_DEVICE_FAMILY = "1,2";
			};
			name = Release;
		};
		5177146825563F8D00B62BAE /* Debug */ = {
			isa = XCBuildConfiguration;
			baseConfigurationReference = A1BA0BF887F16D55DABA85F2 /* Pods-CurrencyConvertTests.debug.xcconfig */;
			buildSettings = {
				ALWAYS_EMBED_SWIFT_STANDARD_LIBRARIES = YES;
				BUNDLE_LOADER = "$(TEST_HOST)";
				CODE_SIGN_STYLE = Automatic;
				DEVELOPMENT_TEAM = UYBM4DV87M;
				INFOPLIST_FILE = CurrencyConvertTests/Info.plist;
				IPHONEOS_DEPLOYMENT_TARGET = 13.7;
				LD_RUNPATH_SEARCH_PATHS = (
					"$(inherited)",
					"@executable_path/Frameworks",
					"@loader_path/Frameworks",
				);
				PRODUCT_BUNDLE_IDENTIFIER = com.jpmanoza.CurrencyConvertTests;
				PRODUCT_NAME = "$(TARGET_NAME)";
				SWIFT_VERSION = 5.0;
				TARGETED_DEVICE_FAMILY = "1,2";
				TEST_HOST = "$(BUILT_PRODUCTS_DIR)/CurrencyConvert.app/CurrencyConvert";
			};
			name = Debug;
		};
		5177146925563F8D00B62BAE /* Release */ = {
			isa = XCBuildConfiguration;
			baseConfigurationReference = AE0D4C07C85BAADA29B2AF1F /* Pods-CurrencyConvertTests.release.xcconfig */;
			buildSettings = {
				ALWAYS_EMBED_SWIFT_STANDARD_LIBRARIES = YES;
				BUNDLE_LOADER = "$(TEST_HOST)";
				CODE_SIGN_STYLE = Automatic;
				DEVELOPMENT_TEAM = UYBM4DV87M;
				INFOPLIST_FILE = CurrencyConvertTests/Info.plist;
				IPHONEOS_DEPLOYMENT_TARGET = 13.7;
				LD_RUNPATH_SEARCH_PATHS = (
					"$(inherited)",
					"@executable_path/Frameworks",
					"@loader_path/Frameworks",
				);
				PRODUCT_BUNDLE_IDENTIFIER = com.jpmanoza.CurrencyConvertTests;
				PRODUCT_NAME = "$(TARGET_NAME)";
				SWIFT_VERSION = 5.0;
				TARGETED_DEVICE_FAMILY = "1,2";
				TEST_HOST = "$(BUILT_PRODUCTS_DIR)/CurrencyConvert.app/CurrencyConvert";
			};
			name = Release;
		};
/* End XCBuildConfiguration section */

/* Begin XCConfigurationList section */
		5177143E25563F8C00B62BAE /* Build configuration list for PBXProject "CurrencyConvert" */ = {
			isa = XCConfigurationList;
			buildConfigurations = (
				5177146225563F8D00B62BAE /* Debug */,
				5177146325563F8D00B62BAE /* Release */,
			);
			defaultConfigurationIsVisible = 0;
			defaultConfigurationName = Release;
		};
		5177146425563F8D00B62BAE /* Build configuration list for PBXNativeTarget "CurrencyConvert" */ = {
			isa = XCConfigurationList;
			buildConfigurations = (
				5177146525563F8D00B62BAE /* Debug */,
				5177146625563F8D00B62BAE /* Release */,
			);
			defaultConfigurationIsVisible = 0;
			defaultConfigurationName = Release;
		};
		5177146725563F8D00B62BAE /* Build configuration list for PBXNativeTarget "CurrencyConvertTests" */ = {
			isa = XCConfigurationList;
			buildConfigurations = (
				5177146825563F8D00B62BAE /* Debug */,
				5177146925563F8D00B62BAE /* Release */,
			);
			defaultConfigurationIsVisible = 0;
			defaultConfigurationName = Release;
		};
/* End XCConfigurationList section */
	};
	rootObject = 5177143B25563F8C00B62BAE /* Project object */;
}
